// !$*UTF8*$!
{
	archiveVersion = 1;
	classes = {
	};
	objectVersion = 50;
	objects = {

/* Begin PBXBuildFile section */
		A30D10A9262E408500C0BC04 /* AppDelegate.swift in Sources */ = {isa = PBXBuildFile; fileRef = A30D10A8262E408500C0BC04 /* AppDelegate.swift */; };
		A30D10B0262E408500C0BC04 /* Main.storyboard in Resources */ = {isa = PBXBuildFile; fileRef = A30D10AE262E408500C0BC04 /* Main.storyboard */; };
		A30D10B2262E408600C0BC04 /* Assets.xcassets in Resources */ = {isa = PBXBuildFile; fileRef = A30D10B1262E408600C0BC04 /* Assets.xcassets */; };
		A30D10B5262E408600C0BC04 /* LaunchScreen.storyboard in Resources */ = {isa = PBXBuildFile; fileRef = A30D10B3262E408600C0BC04 /* LaunchScreen.storyboard */; };
		A30D10C0262E478100C0BC04 /* MockyCall.swift in Sources */ = {isa = PBXBuildFile; fileRef = A30D10BF262E478100C0BC04 /* MockyCall.swift */; };
		A30D10C3262E47A500C0BC04 /* RequestHelper.swift in Sources */ = {isa = PBXBuildFile; fileRef = A30D10C2262E47A500C0BC04 /* RequestHelper.swift */; };
		A30D10C6262E4CFF00C0BC04 /* CarResponse.swift in Sources */ = {isa = PBXBuildFile; fileRef = A30D10C5262E4CFF00C0BC04 /* CarResponse.swift */; };
		A30D10CF262E4FF900C0BC04 /* Car.swift in Sources */ = {isa = PBXBuildFile; fileRef = A30D10CE262E4FF900C0BC04 /* Car.swift */; };
		A30D10D7262F862300C0BC04 /* CarViewCell.swift in Sources */ = {isa = PBXBuildFile; fileRef = A30D10D6262F862300C0BC04 /* CarViewCell.swift */; };
		A30D10DD262F909E00C0BC04 /* CarTableViewController.swift in Sources */ = {isa = PBXBuildFile; fileRef = A30D10DC262F909E00C0BC04 /* CarTableViewController.swift */; };
		A30D10E2262FC6C400C0BC04 /* DetailViewController.swift in Sources */ = {isa = PBXBuildFile; fileRef = A30D10E1262FC6C400C0BC04 /* DetailViewController.swift */; };
/* End PBXBuildFile section */

/* Begin PBXFileReference section */
		A30D10A5262E408500C0BC04 /* BestCars.app */ = {isa = PBXFileReference; explicitFileType = wrapper.application; includeInIndex = 0; path = BestCars.app; sourceTree = BUILT_PRODUCTS_DIR; };
		A30D10A8262E408500C0BC04 /* AppDelegate.swift */ = {isa = PBXFileReference; lastKnownFileType = sourcecode.swift; path = AppDelegate.swift; sourceTree = "<group>"; };
		A30D10AF262E408500C0BC04 /* Base */ = {isa = PBXFileReference; lastKnownFileType = file.storyboard; name = Base; path = Base.lproj/Main.storyboard; sourceTree = "<group>"; };
		A30D10B1262E408600C0BC04 /* Assets.xcassets */ = {isa = PBXFileReference; lastKnownFileType = folder.assetcatalog; path = Assets.xcassets; sourceTree = "<group>"; };
		A30D10B4262E408600C0BC04 /* Base */ = {isa = PBXFileReference; lastKnownFileType = file.storyboard; name = Base; path = Base.lproj/LaunchScreen.storyboard; sourceTree = "<group>"; };
		A30D10B6262E408600C0BC04 /* Info.plist */ = {isa = PBXFileReference; lastKnownFileType = text.plist.xml; path = Info.plist; sourceTree = "<group>"; };
		A30D10BF262E478100C0BC04 /* MockyCall.swift */ = {isa = PBXFileReference; lastKnownFileType = sourcecode.swift; path = MockyCall.swift; sourceTree = "<group>"; };
		A30D10C2262E47A500C0BC04 /* RequestHelper.swift */ = {isa = PBXFileReference; lastKnownFileType = sourcecode.swift; path = RequestHelper.swift; sourceTree = "<group>"; };
		A30D10C5262E4CFF00C0BC04 /* CarResponse.swift */ = {isa = PBXFileReference; lastKnownFileType = sourcecode.swift; path = CarResponse.swift; sourceTree = "<group>"; };
		A30D10CE262E4FF900C0BC04 /* Car.swift */ = {isa = PBXFileReference; lastKnownFileType = sourcecode.swift; path = Car.swift; sourceTree = "<group>"; };
		A30D10D6262F862300C0BC04 /* CarViewCell.swift */ = {isa = PBXFileReference; lastKnownFileType = sourcecode.swift; path = CarViewCell.swift; sourceTree = "<group>"; };
		A30D10DC262F909E00C0BC04 /* CarTableViewController.swift */ = {isa = PBXFileReference; lastKnownFileType = sourcecode.swift; path = CarTableViewController.swift; sourceTree = "<group>"; };
		A30D10E1262FC6C400C0BC04 /* DetailViewController.swift */ = {isa = PBXFileReference; lastKnownFileType = sourcecode.swift; path = DetailViewController.swift; sourceTree = "<group>"; };
/* End PBXFileReference section */

/* Begin PBXFrameworksBuildPhase section */
		A30D10A2262E408500C0BC04 /* Frameworks */ = {
			isa = PBXFrameworksBuildPhase;
			buildActionMask = 2147483647;
			files = (
			);
			runOnlyForDeploymentPostprocessing = 0;
		};
/* End PBXFrameworksBuildPhase section */

/* Begin PBXGroup section */
		A30D109C262E408500C0BC04 = {
			isa = PBXGroup;
			children = (
				A30D10A7262E408500C0BC04 /* BestCars */,
				A30D10A6262E408500C0BC04 /* Products */,
			);
			sourceTree = "<group>";
		};
		A30D10A6262E408500C0BC04 /* Products */ = {
			isa = PBXGroup;
			children = (
				A30D10A5262E408500C0BC04 /* BestCars.app */,
			);
			name = Products;
			sourceTree = "<group>";
		};
		A30D10A7262E408500C0BC04 /* BestCars */ = {
			isa = PBXGroup;
			children = (
				A30D10D5262F834F00C0BC04 /* ViewController */,
				A30D10C8262E4D3700C0BC04 /* Model */,
				A30D10BE262E476A00C0BC04 /* Network */,
				A30D10A8262E408500C0BC04 /* AppDelegate.swift */,
				A30D10AE262E408500C0BC04 /* Main.storyboard */,
				A30D10B1262E408600C0BC04 /* Assets.xcassets */,
				A30D10B3262E408600C0BC04 /* LaunchScreen.storyboard */,
				A30D10B6262E408600C0BC04 /* Info.plist */,
			);
			path = BestCars;
			sourceTree = "<group>";
		};
		A30D10BE262E476A00C0BC04 /* Network */ = {
			isa = PBXGroup;
			children = (
				A30D10BF262E478100C0BC04 /* MockyCall.swift */,
				A30D10C2262E47A500C0BC04 /* RequestHelper.swift */,
				A30D10C5262E4CFF00C0BC04 /* CarResponse.swift */,
			);
			path = Network;
			sourceTree = "<group>";
		};
		A30D10C8262E4D3700C0BC04 /* Model */ = {
			isa = PBXGroup;
			children = (
				A30D10CE262E4FF900C0BC04 /* Car.swift */,
			);
			path = Model;
			sourceTree = "<group>";
		};
		A30D10D5262F834F00C0BC04 /* ViewController */ = {
			isa = PBXGroup;
			children = (
				A30D10D6262F862300C0BC04 /* CarViewCell.swift */,
				A30D10DC262F909E00C0BC04 /* CarTableViewController.swift */,
				A30D10E1262FC6C400C0BC04 /* DetailViewController.swift */,
			);
			path = ViewController;
			sourceTree = "<group>";
		};
/* End PBXGroup section */

/* Begin PBXNativeTarget section */
		A30D10A4262E408500C0BC04 /* BestCars */ = {
			isa = PBXNativeTarget;
			buildConfigurationList = A30D10B9262E408600C0BC04 /* Build configuration list for PBXNativeTarget "BestCars" */;
			buildPhases = (
				A30D10A1262E408500C0BC04 /* Sources */,
				A30D10A2262E408500C0BC04 /* Frameworks */,
				A30D10A3262E408500C0BC04 /* Resources */,
			);
			buildRules = (
			);
			dependencies = (
			);
			name = BestCars;
			productName = BestCars;
			productReference = A30D10A5262E408500C0BC04 /* BestCars.app */;
			productType = "com.apple.product-type.application";
		};
/* End PBXNativeTarget section */

/* Begin PBXProject section */
		A30D109D262E408500C0BC04 /* Project object */ = {
			isa = PBXProject;
			attributes = {
				LastSwiftUpdateCheck = 1240;
				LastUpgradeCheck = 1240;
				TargetAttributes = {
					A30D10A4262E408500C0BC04 = {
						CreatedOnToolsVersion = 12.4;
					};
				};
			};
			buildConfigurationList = A30D10A0262E408500C0BC04 /* Build configuration list for PBXProject "BestCars" */;
			compatibilityVersion = "Xcode 9.3";
			developmentRegion = en;
			hasScannedForEncodings = 0;
			knownRegions = (
				en,
				Base,
			);
			mainGroup = A30D109C262E408500C0BC04;
			productRefGroup = A30D10A6262E408500C0BC04 /* Products */;
			projectDirPath = "";
			projectRoot = "";
			targets = (
				A30D10A4262E408500C0BC04 /* BestCars */,
			);
		};
/* End PBXProject section */

/* Begin PBXResourcesBuildPhase section */
		A30D10A3262E408500C0BC04 /* Resources */ = {
			isa = PBXResourcesBuildPhase;
			buildActionMask = 2147483647;
			files = (
				A30D10B5262E408600C0BC04 /* LaunchScreen.storyboard in Resources */,
				A30D10B2262E408600C0BC04 /* Assets.xcassets in Resources */,
				A30D10B0262E408500C0BC04 /* Main.storyboard in Resources */,
			);
			runOnlyForDeploymentPostprocessing = 0;
		};
/* End PBXResourcesBuildPhase section */

/* Begin PBXSourcesBuildPhase section */
		A30D10A1262E408500C0BC04 /* Sources */ = {
			isa = PBXSourcesBuildPhase;
			buildActionMask = 2147483647;
			files = (
				A30D10DD262F909E00C0BC04 /* CarTableViewController.swift in Sources */,
				A30D10A9262E408500C0BC04 /* AppDelegate.swift in Sources */,
				A30D10CF262E4FF900C0BC04 /* Car.swift in Sources */,
				A30D10C6262E4CFF00C0BC04 /* CarResponse.swift in Sources */,
				A30D10D7262F862300C0BC04 /* CarViewCell.swift in Sources */,
				A30D10C0262E478100C0BC04 /* MockyCall.swift in Sources */,
				A30D10C3262E47A500C0BC04 /* RequestHelper.swift in Sources */,
				A30D10E2262FC6C400C0BC04 /* DetailViewController.swift in Sources */,
			);
			runOnlyForDeploymentPostprocessing = 0;
		};
/* End PBXSourcesBuildPhase section */

/* Begin PBXVariantGroup section */
		A30D10AE262E408500C0BC04 /* Main.storyboard */ = {
			isa = PBXVariantGroup;
			children = (
				A30D10AF262E408500C0BC04 /* Base */,
			);
			name = Main.storyboard;
			sourceTree = "<group>";
		};
		A30D10B3262E408600C0BC04 /* LaunchScreen.storyboard */ = {
			isa = PBXVariantGroup;
			children = (
				A30D10B4262E408600C0BC04 /* Base */,
			);
			name = LaunchScreen.storyboard;
			sourceTree = "<group>";
		};
/* End PBXVariantGroup section */

/* Begin XCBuildConfiguration section */
		A30D10B7262E408600C0BC04 /* Debug */ = {
			isa = XCBuildConfiguration;
			buildSettings = {
				ALWAYS_SEARCH_USER_PATHS = NO;
				CLANG_ANALYZER_NONNULL = YES;
				CLANG_ANALYZER_NUMBER_OBJECT_CONVERSION = YES_AGGRESSIVE;
				CLANG_CXX_LANGUAGE_STANDARD = "gnu++14";
				CLANG_CXX_LIBRARY = "libc++";
				CLANG_ENABLE_MODULES = YES;
				CLANG_ENABLE_OBJC_ARC = YES;
				CLANG_ENABLE_OBJC_WEAK = YES;
				CLANG_WARN_BLOCK_CAPTURE_AUTORELEASING = YES;
				CLANG_WARN_BOOL_CONVERSION = YES;
				CLANG_WARN_COMMA = YES;
				CLANG_WARN_CONSTANT_CONVERSION = YES;
				CLANG_WARN_DEPRECATED_OBJC_IMPLEMENTATIONS = YES;
				CLANG_WARN_DIRECT_OBJC_ISA_USAGE = YES_ERROR;
				CLANG_WARN_DOCUMENTATION_COMMENTS = YES;
				CLANG_WARN_EMPTY_BODY = YES;
				CLANG_WARN_ENUM_CONVERSION = YES;
				CLANG_WARN_INFINITE_RECURSION = YES;
				CLANG_WARN_INT_CONVERSION = YES;
				CLANG_WARN_NON_LITERAL_NULL_CONVERSION = YES;
				CLANG_WARN_OBJC_IMPLICIT_RETAIN_SELF = YES;
				CLANG_WARN_OBJC_LITERAL_CONVERSION = YES;
				CLANG_WARN_OBJC_ROOT_CLASS = YES_ERROR;
				CLANG_WARN_QUOTED_INCLUDE_IN_FRAMEWORK_HEADER = YES;
				CLANG_WARN_RANGE_LOOP_ANALYSIS = YES;
				CLANG_WARN_STRICT_PROTOTYPES = YES;
				CLANG_WARN_SUSPICIOUS_MOVE = YES;
				CLANG_WARN_UNGUARDED_AVAILABILITY = YES_AGGRESSIVE;
				CLANG_WARN_UNREACHABLE_CODE = YES;
				CLANG_WARN__DUPLICATE_METHOD_MATCH = YES;
				COPY_PHASE_STRIP = NO;
				DEBUG_INFORMATION_FORMAT = dwarf;
				ENABLE_STRICT_OBJC_MSGSEND = YES;
				ENABLE_TESTABILITY = YES;
				GCC_C_LANGUAGE_STANDARD = gnu11;
				GCC_DYNAMIC_NO_PIC = NO;
				GCC_NO_COMMON_BLOCKS = YES;
				GCC_OPTIMIZATION_LEVEL = 0;
				GCC_PREPROCESSOR_DEFINITIONS = (
					"DEBUG=1",
					"$(inherited)",
				);
				GCC_WARN_64_TO_32_BIT_CONVERSION = YES;
				GCC_WARN_ABOUT_RETURN_TYPE = YES_ERROR;
				GCC_WARN_UNDECLARED_SELECTOR = YES;
				GCC_WARN_UNINITIALIZED_AUTOS = YES_AGGRESSIVE;
				GCC_WARN_UNUSED_FUNCTION = YES;
				GCC_WARN_UNUSED_VARIABLE = YES;
				IPHONEOS_DEPLOYMENT_TARGET = 14.4;
				MTL_ENABLE_DEBUG_INFO = INCLUDE_SOURCE;
				MTL_FAST_MATH = YES;
				ONLY_ACTIVE_ARCH = YES;
				SDKROOT = iphoneos;
				SWIFT_ACTIVE_COMPILATION_CONDITIONS = DEBUG;
				SWIFT_OPTIMIZATION_LEVEL = "-Onone";
			};
			name = Debug;
		};
		A30D10B8262E408600C0BC04 /* Release */ = {
			isa = XCBuildConfiguration;
			buildSettings = {
				ALWAYS_SEARCH_USER_PATHS = NO;
				CLANG_ANALYZER_NONNULL = YES;
				CLANG_ANALYZER_NUMBER_OBJECT_CONVERSION = YES_AGGRESSIVE;
				CLANG_CXX_LANGUAGE_STANDARD = "gnu++14";
				CLANG_CXX_LIBRARY = "libc++";
				CLANG_ENABLE_MODULES = YES;
				CLANG_ENABLE_OBJC_ARC = YES;
				CLANG_ENABLE_OBJC_WEAK = YES;
				CLANG_WARN_BLOCK_CAPTURE_AUTORELEASING = YES;
				CLANG_WARN_BOOL_CONVERSION = YES;
				CLANG_WARN_COMMA = YES;
				CLANG_WARN_CONSTANT_CONVERSION = YES;
				CLANG_WARN_DEPRECATED_OBJC_IMPLEMENTATIONS = YES;
				CLANG_WARN_DIRECT_OBJC_ISA_USAGE = YES_ERROR;
				CLANG_WARN_DOCUMENTATION_COMMENTS = YES;
				CLANG_WARN_EMPTY_BODY = YES;
				CLANG_WARN_ENUM_CONVERSION = YES;
				CLANG_WARN_INFINITE_RECURSION = YES;
				CLANG_WARN_INT_CONVERSION = YES;
				CLANG_WARN_NON_LITERAL_NULL_CONVERSION = YES;
				CLANG_WARN_OBJC_IMPLICIT_RETAIN_SELF = YES;
				CLANG_WARN_OBJC_LITERAL_CONVERSION = YES;
				CLANG_WARN_OBJC_ROOT_CLASS = YES_ERROR;
				CLANG_WARN_QUOTED_INCLUDE_IN_FRAMEWORK_HEADER = YES;
				CLANG_WARN_RANGE_LOOP_ANALYSIS = YES;
				CLANG_WARN_STRICT_PROTOTYPES = YES;
				CLANG_WARN_SUSPICIOUS_MOVE = YES;
				CLANG_WARN_UNGUARDED_AVAILABILITY = YES_AGGRESSIVE;
				CLANG_WARN_UNREACHABLE_CODE = YES;
				CLANG_WARN__DUPLICATE_METHOD_MATCH = YES;
				COPY_PHASE_STRIP = NO;
				DEBUG_INFORMATION_FORMAT = "dwarf-with-dsym";
				ENABLE_NS_ASSERTIONS = NO;
				ENABLE_STRICT_OBJC_MSGSEND = YES;
				GCC_C_LANGUAGE_STANDARD = gnu11;
				GCC_NO_COMMON_BLOCKS = YES;
				GCC_WARN_64_TO_32_BIT_CONVERSION = YES;
				GCC_WARN_ABOUT_RETURN_TYPE = YES_ERROR;
				GCC_WARN_UNDECLARED_SELECTOR = YES;
				GCC_WARN_UNINITIALIZED_AUTOS = YES_AGGRESSIVE;
				GCC_WARN_UNUSED_FUNCTION = YES;
				GCC_WARN_UNUSED_VARIABLE = YES;
				IPHONEOS_DEPLOYMENT_TARGET = 14.4;
				MTL_ENABLE_DEBUG_INFO = NO;
				MTL_FAST_MATH = YES;
				SDKROOT = iphoneos;
				SWIFT_COMPILATION_MODE = wholemodule;
				SWIFT_OPTIMIZATION_LEVEL = "-O";
				VALIDATE_PRODUCT = YES;
			};
			name = Release;
		};
		A30D10BA262E408600C0BC04 /* Debug */ = {
			isa = XCBuildConfiguration;
			buildSettings = {
				ASSETCATALOG_COMPILER_APPICON_NAME = AppIcon;
				ASSETCATALOG_COMPILER_GLOBAL_ACCENT_COLOR_NAME = AccentColor;
				CODE_SIGN_STYLE = Automatic;
				DEVELOPMENT_TEAM = TS5DZ3CB7T;
				INFOPLIST_FILE = BestCars/Info.plist;
				LD_RUNPATH_SEARCH_PATHS = (
					"$(inherited)",
					"@executable_path/Frameworks",
				);
				PRODUCT_BUNDLE_IDENTIFIER = com.udacity.lms.BestCars;
				PRODUCT_NAME = "$(TARGET_NAME)";
				SWIFT_VERSION = 5.0;
				TARGETED_DEVICE_FAMILY = "1,2";
			};
			name = Debug;
		};
		A30D10BB262E408600C0BC04 /* Release */ = {
			isa = XCBuildConfiguration;
			buildSettings = {
				ASSETCATALOG_COMPILER_APPICON_NAME = AppIcon;
				ASSETCATALOG_COMPILER_GLOBAL_ACCENT_COLOR_NAME = AccentColor;
				CODE_SIGN_STYLE = Automatic;
				DEVELOPMENT_TEAM = TS5DZ3CB7T;
				INFOPLIST_FILE = BestCars/Info.plist;
				LD_RUNPATH_SEARCH_PATHS = (
					"$(inherited)",
					"@executable_path/Frameworks",
				);
				PRODUCT_BUNDLE_IDENTIFIER = com.udacity.lms.BestCars;
				PRODUCT_NAME = "$(TARGET_NAME)";
				SWIFT_VERSION = 5.0;
				TARGETED_DEVICE_FAMILY = "1,2";
			};
			name = Release;
		};
/* End XCBuildConfiguration section */

/* Begin XCConfigurationList section */
		A30D10A0262E408500C0BC04 /* Build configuration list for PBXProject "BestCars" */ = {
			isa = XCConfigurationList;
			buildConfigurations = (
				A30D10B7262E408600C0BC04 /* Debug */,
				A30D10B8262E408600C0BC04 /* Release */,
			);
			defaultConfigurationIsVisible = 0;
			defaultConfigurationName = Release;
		};
		A30D10B9262E408600C0BC04 /* Build configuration list for PBXNativeTarget "BestCars" */ = {
			isa = XCConfigurationList;
			buildConfigurations = (
				A30D10BA262E408600C0BC04 /* Debug */,
				A30D10BB262E408600C0BC04 /* Release */,
			);
			defaultConfigurationIsVisible = 0;
			defaultConfigurationName = Release;
		};
/* End XCConfigurationList section */
	};
	rootObject = A30D109D262E408500C0BC04 /* Project object */;
}
